{
  "projects": [
    {
      "projectId": "r3ASNrnyvLLLAtDvzUioQ",
      "version": "3.18.0",
      "dependencies": {},
      "lang": "ts",
      "fileLocks": [
        {
          "assetId": "r3ASNrnyvLLLAtDvzUioQ",
          "type": "projectCss",
          "checksum": "97ec772be5160e37b26814fd84fdccb9"
        }
      ],
      "codegenVersion": "0.0.1"
    },
    {
      "projectId": "caTPwKxj5ZrD9LQ7DMdK4Z",
      "version": "3.21.0",
      "dependencies": {},
      "lang": "ts",
      "fileLocks": [
        {
          "assetId": "caTPwKxj5ZrD9LQ7DMdK4Z",
          "type": "projectCss",
          "checksum": "e1ec850476829c38b0f9b6d4f7ac446a"
        }
      ],
      "codegenVersion": "0.0.1"
    },
    {
      "projectId": "7nJ7UcFmq9UzB6eXfC5z4a",
      "version": "0.19.0",
      "dependencies": {},
      "lang": "ts",
      "fileLocks": [
        {
          "assetId": "7nJ7UcFmq9UzB6eXfC5z4a",
          "type": "projectCss",
          "checksum": "05587b57f22f0ec8bb54543deb39762e"
        }
      ],
      "codegenVersion": "0.0.1"
    },
    {
      "projectId": "kmmGrmCVRJPgZ5NNJMDQ4v",
      "version": "0.18.0",
      "dependencies": {},
      "lang": "ts",
      "fileLocks": [
        {
          "assetId": "kmmGrmCVRJPgZ5NNJMDQ4v",
          "checksum": "6f481a4d31f5b4ae5e42a82231055e5d",
          "type": "globalContexts"
        },
        {
          "assetId": "kmmGrmCVRJPgZ5NNJMDQ4v",
          "type": "projectCss",
          "checksum": "dd353f09fbdedf2e1c1db4ee86664b82"
        }
      ],
      "codegenVersion": "0.0.1"
    },
    {
      "projectId": "hjKYmYi6HMwK6TRyk7ew5R",
      "version": "6.22.0",
      "dependencies": {},
      "lang": "ts",
      "fileLocks": [
        {
          "assetId": "hjKYmYi6HMwK6TRyk7ew5R",
          "checksum": "546d3ef788af9a08d1ebeba22c98d45e",
          "type": "globalContexts"
        },
        {
          "assetId": "hjKYmYi6HMwK6TRyk7ew5R",
          "type": "projectCss",
          "checksum": "e76cee85e96cb3fff580d5552a47cfe4"
        }
      ],
      "codegenVersion": "0.0.1"
    },
    {
      "projectId": "YUiM7yqBWAqsh8KSnrdj7",
      "version": "0.21.0",
      "dependencies": {},
      "lang": "ts",
      "fileLocks": [
        {
          "assetId": "YUiM7yqBWAqsh8KSnrdj7",
          "type": "projectCss",
          "checksum": "dac72600b04b6e6a3014e82512a15fe1"
        }
      ],
      "codegenVersion": "0.0.1"
    },
    {
      "projectId": "dGhXFrWhKMiTmf4n16zhxF",
      "version": "latest",
      "dependencies": {
        "YUiM7yqBWAqsh8KSnrdj7": "0.21.0",
        "hjKYmYi6HMwK6TRyk7ew5R": "6.22.0",
        "kmmGrmCVRJPgZ5NNJMDQ4v": "0.18.0",
        "7nJ7UcFmq9UzB6eXfC5z4a": "0.19.0",
        "caTPwKxj5ZrD9LQ7DMdK4Z": "3.21.0",
        "r3ASNrnyvLLLAtDvzUioQ": "3.18.0",
        "ohDidvG9XsCeFumugENU3J": "4.11.1"
      },
      "lang": "ts",
      "fileLocks": [
        {
          "type": "globalVariant",
          "assetId": "a_FcxzchOaTtwfH",
          "checksum": "e2fded509ed119e0e98b9d14141cf181"
        },
        {
          "assetId": "dGhXFrWhKMiTmf4n16zhxF",
          "checksum": "ea0d76d7a137425c62caacca0dbe27b3",
          "type": "globalContexts"
        },
        {
          "type": "renderModule",
          "assetId": "b3bY2GpgsYbvU-",
          "checksum": "b0f5d9f00ee38316cbdb894ba09b2e11"
        },
        {
          "type": "cssRules",
          "assetId": "b3bY2GpgsYbvU-",
          "checksum": "b0f5d9f00ee38316cbdb894ba09b2e11"
        },
        {
          "type": "renderModule",
          "assetId": "fY3LlGb9jfQSkJq",
          "checksum": "4c303c6e5fe9fbc6575c384634085396"
        },
        {
          "type": "cssRules",
          "assetId": "fY3LlGb9jfQSkJq",
          "checksum": "4c303c6e5fe9fbc6575c384634085396"
        },
        {
          "type": "renderModule",
          "assetId": "5FoOryVkSYl6pok",
          "checksum": "97b52cf1af6e5cd1a84bafdbc5cad4ea"
        },
        {
          "type": "cssRules",
          "assetId": "5FoOryVkSYl6pok",
          "checksum": "97b52cf1af6e5cd1a84bafdbc5cad4ea"
        },
        {
          "type": "renderModule",
          "assetId": "iKKsx8vJS-ZxVSM",
          "checksum": "5805feb51f7797cf23671fa13dfaed4d"
        },
        {
          "type": "cssRules",
          "assetId": "iKKsx8vJS-ZxVSM",
          "checksum": "5805feb51f7797cf23671fa13dfaed4d"
        },
        {
          "type": "icon",
          "assetId": "Fno3GQPkWbVqPYW",
          "checksum": "6e6e72fd9cbd1fb848a2e98930ddec23"
        },
        {
          "type": "icon",
          "assetId": "520p6CyrA_bVXHQ",
          "checksum": "8c5b7a15e0f86fc5d2cb505b2f125625"
        },
        {
          "type": "icon",
          "assetId": "YJoDgYJ-9x0fS6O",
          "checksum": "b1c81ea6e2c7002286faf0107fcdcaed"
        },
        {
          "type": "icon",
          "assetId": "vjg5jycLGEdQ1fc",
          "checksum": "da7beb9fa1ec68b9ce78bf74084d37a9"
        },
        {
          "type": "icon",
          "assetId": "066r2Kf6wQgH2uY",
          "checksum": "92ea78c1a977d3dadb6f65d6170b725f"
        },
        {
          "type": "icon",
          "assetId": "j0JbBIX3-Bk0GVj",
          "checksum": "fed56a98d2e6165832eee7cc910314bd"
        },
        {
          "type": "icon",
          "assetId": "Qk2jgqkC1P9ZqPy",
          "checksum": "12a20545ecaea7d35d1e2d8cba7604a4"
        },
        {
          "type": "icon",
          "assetId": "T7s4IFTrW2utMUd",
          "checksum": "5fc5b11cf79aba950e4b8baac7cc9417"
        },
        {
          "type": "icon",
          "assetId": "-jEWsK3CAjGsqYI",
          "checksum": "6a42804b757d1c3710981a70bde1a0f1"
        },
        {
          "type": "icon",
          "assetId": "w0o78p1mFvRqzfA",
          "checksum": "9e99a0ce28ace19d41741c59065933f2"
        },
        {
          "type": "icon",
          "assetId": "Xov4gRsTxVVGibs",
          "checksum": "0fc9df986821028733ece193f69d200f"
        },
        {
          "type": "image",
          "assetId": "t_DC9HCaFSPAV-N",
          "checksum": "20d8fb1ea0f8c0d0374d4879c133bd9f"
        },
        {
          "type": "image",
          "assetId": "o8xTx7qkBTs2w1W",
          "checksum": "1b3309f5a0ce4c986aa52e63cb26fbf9"
        },
        {
          "type": "image",
          "assetId": "KL381rml9I-xK1Z",
          "checksum": "d1ce4fa5efba4729e50cffa2293ebe7e"
        },
        {
          "type": "image",
          "assetId": "YWBhMoGiYRyV9fb",
          "checksum": "32d754510af74665c3cc517878b2ab85"
        },
        {
          "type": "image",
          "assetId": "pS3W97yzb8ROkD0",
          "checksum": "59a0511072a85bfd7957edd3ec46f479"
        },
        {
          "type": "image",
          "assetId": "MFWjVUHDRyi6vJ2",
          "checksum": "3177756754887ce787a49dfd2a4d19b2"
        },
        {
          "type": "image",
          "assetId": "X1fuIK27XQJBGp2",
          "checksum": "a7c2884265b7e6422578b24f21c21ddd"
        },
        {
          "type": "image",
          "assetId": "RpT8i7aERO56yNw",
          "checksum": "b1ca71303d854a6fe8acf165ede60c6a"
        },
        {
          "type": "image",
          "assetId": "P7EvAt38J-kRMVj",
          "checksum": "e4bc61e2fc9836a1c95b6ab7234cfca9"
        },
        {
          "type": "image",
          "assetId": "4z9z09dzJ03sThK",
          "checksum": "ce0d40cf3e3a2b2fbe152a469aa731d5"
        },
        {
          "type": "image",
          "assetId": "ZjiaHDWCfBZe8ZB",
          "checksum": "248ce75b34f15095f38d8cadd9a14811"
        },
        {
          "type": "image",
          "assetId": "gsUN60bBIgEHHtU",
          "checksum": "3925f4b2637a4fbd77edc317c4c7178c"
        },
        {
          "type": "image",
          "assetId": "Q8bMMHlHR6NLgFH",
          "checksum": "462f5b5bb4ef3b6303a07c89f363112f"
        },
        {
          "type": "image",
          "assetId": "TzyR1IumR45NzER",
          "checksum": "7a9bb65966fe7e0ef85a0f52624860c6"
        },
        {
          "type": "image",
          "assetId": "RqJybNCrUpTSrOi",
          "checksum": "30078448d68c7f19235fd8979129a86e"
        },
        {
          "type": "image",
          "assetId": "1amUH7bXW4jqtaT",
          "checksum": "a8c99ff4c6b6841825f5a3462fd5b019"
        },
        {
          "type": "image",
          "assetId": "jSoOhr6ObqFcEll",
          "checksum": "ab6b6a116686bd3dc392630bcab9acaa"
        },
        {
          "type": "image",
          "assetId": "n1s-OjuCbOdTO65",
          "checksum": "57b199ad36bc9f8d3410c3b9b2f18c8c"
        },
        {
          "type": "image",
          "assetId": "aNywU41G6OKVUR4",
          "checksum": "d04d87d72c247bd9d24fbb378e53d0d2"
        },
        {
          "type": "image",
          "assetId": "FT8VFXMr6TNVoxS",
          "checksum": "b14dd9c051661680a1dd27e85bcb3b1b"
        },
        {
          "type": "image",
          "assetId": "Zz1St0ioIzKYIvd",
          "checksum": "55bf5836017d94f88b8494f1eb81f343"
        },
        {
          "type": "image",
          "assetId": "Q2BulFR49OBKRIl",
          "checksum": "3272b1ffe87a590996023c78ef2de0b0"
        },
        {
          "type": "image",
          "assetId": "vXrzaonEBgMouUT",
          "checksum": "1fc04afe11da188ed3d1ab1f9a6f4f17"
        },
        {
          "type": "image",
          "assetId": "XSHDIXoEMBWqCC-",
          "checksum": "33c2442cb200215549f9e080e9ce959f"
        },
        {
          "type": "image",
          "assetId": "EW1ZgvQOQEo0qOq",
          "checksum": "4aff0ab1df3d62d36dd8f30b552cf7e5"
        },
        {
          "type": "image",
          "assetId": "vSFWb7-B-PLcdBD",
          "checksum": "4dd19373be12521fd13a8eb7f1d33de1"
        },
        {
          "type": "image",
          "assetId": "yyFBV7mr4sJSr6C",
          "checksum": "c8c9a610bda73dea7defe0c5686d99e9"
        },
        {
          "type": "image",
          "assetId": "H1cns5Dj-0FCLN2",
          "checksum": "8528c74d4f1a6f704ec6ed0e9fac5bbf"
        },
        {
          "type": "image",
          "assetId": "v8gIxrVeSvOcBXG",
          "checksum": "ce56d6023cd5224eb7be0daa27d2a7e8"
        },
        {
          "type": "image",
          "assetId": "DAsrsPia4I8HgyS",
          "checksum": "6441756a902ce87626d63ea4ccb01ec3"
        },
        {
          "type": "image",
          "assetId": "em_ISxGCeBQO1jl",
          "checksum": "e442f76e3c8433825fdac72d0f562e19"
        },
        {
          "type": "image",
          "assetId": "0K5DpK2wLK7aloa",
          "checksum": "c843d3fc40079a7d9373cde5f26beaf2"
        },
        {
          "type": "image",
          "assetId": "NFv0HQw1JprvZPA",
          "checksum": "c17c63cebe9c25cc631fa516a7981479"
        },
        {
          "type": "image",
          "assetId": "wVxCRZZCMSb6SAS",
          "checksum": "277880e05a47f5da8dc179f8b69dd7f3"
        },
        {
          "type": "image",
          "assetId": "pNs2dJk1I0Li8-H",
          "checksum": "2cb841dc6996e8ba5d1d545a8be68555"
        },
        {
          "type": "image",
          "assetId": "_FMHOCxPRcAwjyM",
          "checksum": "56cb5a6d04fb317a2dea7e0dbeb46a9f"
        },
        {
          "type": "image",
          "assetId": "DU_JDLQ0p96v7g_",
          "checksum": "50a68d34d524b331a4bf6b3bf35308df"
        },
        {
          "type": "image",
          "assetId": "ZIhI7xEXCdzMfF_",
          "checksum": "e4444d11de3f8a1e48d50e4b0f7ac43f"
        },
        {
          "type": "image",
          "assetId": "vVEhe3vsckvrB4k",
          "checksum": "1afa01871036c80101b964be6754ca48"
        },
        {
          "type": "image",
          "assetId": "bPg0-L4GvPuNzYO",
          "checksum": "211c4f93bbd0593b55262ab5e6d57406"
        },
        {
          "type": "image",
          "assetId": "_kgC1uub8pB4f85",
          "checksum": "d98a9fe99b8c5d0071caffc9d21b706e"
        },
        {
          "type": "image",
          "assetId": "zIp_9QOKRWhAINr",
          "checksum": "8f92ded696a870031c46f53e87ebf167"
        },
        {
          "type": "image",
          "assetId": "p41N2Xx9ICjs6Uw",
          "checksum": "e81880945e2de9bc554dd1570bc1e433"
        },
        {
          "type": "image",
          "assetId": "fPadCK_VppI8Nlv",
          "checksum": "f5c6adae7504cbe77871bb1b87b943e5"
        },
        {
          "type": "image",
          "assetId": "z_sdD_s9iUufDDD",
          "checksum": "56b276b99ea943ddca3cb7e6e3d227f0"
        },
        {
          "type": "image",
          "assetId": "5jDbMWe-7JtnUUt",
          "checksum": "8ac596e2ec1acb51e70bde162efab481"
        },
        {
          "type": "image",
          "assetId": "VeatsXUnBP7cuXo",
          "checksum": "57f5d0400c2156fc00694403d8f2d9fc"
        },
        {
          "type": "image",
          "assetId": "cQ6wasl6lkJxEg0",
          "checksum": "2958c3dd2fda8b4f1b30f5ca21d41712"
        },
        {
          "type": "image",
          "assetId": "rpDhJPsG65hvRNw",
          "checksum": "42e26c736bc24c84dc4fce508d55dc18"
        },
        {
          "type": "image",
          "assetId": "Ucyyxj240Clx87u",
          "checksum": "d29077c2682013b90c8c3ac7f6d5798b"
        },
        {
          "type": "image",
          "assetId": "p9bO5uiTg7SkAhi",
          "checksum": "edf130a653cf4ba56965ece09bec3caf"
        },
        {
          "type": "image",
          "assetId": "VSa3tqhyXESq2w0",
          "checksum": "fc4b465b6c484330ed911a1b35bc35e6"
        },
        {
          "type": "image",
          "assetId": "GvVT-2K9onMx5WK",
          "checksum": "ca3729684000950d56f6b128064e25bb"
        },
        {
          "type": "image",
          "assetId": "egfticvnz2zLfmK",
          "checksum": "c23e6b7d25cf46970bf2a6256a56f733"
        },
        {
          "type": "image",
          "assetId": "yKMLQImlxMpZqVy",
          "checksum": "cb5aa02705094361f1d87fc3c7e773f0"
        },
        {
          "type": "image",
          "assetId": "f21M25bzfe2r8qQ",
          "checksum": "d01a3cf1dbfecc50d36a633109179f62"
        },
        {
          "type": "image",
          "assetId": "JMYjnBmMtJRR-sm",
          "checksum": "81b48c00aa980594824183bf4babbfdf"
        },
        {
          "type": "image",
          "assetId": "GjTIQlesOO12ZtC",
          "checksum": "cc1de8d2941f977bd492f422167bbf52"
        },
        {
          "type": "image",
          "assetId": "sv1XfHLy-eKi_WA",
          "checksum": "61204f47299d8ff6a4825fed64b8bc01"
        },
        {
          "type": "image",
          "assetId": "fqbAfx_zxRtnHML",
          "checksum": "d848796407650702ca4de1378ecf5033"
        },
        {
          "type": "image",
          "assetId": "7aeguPRVGGuHgK7",
          "checksum": "7933f58c8846b80438ff0b44f8ec273f"
        },
        {
          "type": "image",
          "assetId": "cjrtbey46Yrg-Cd",
          "checksum": "5b9989559fd9879dc83a04cd3e561369"
        },
        {
          "type": "image",
          "assetId": "YJEeL26FlTot8Qa",
          "checksum": "21befa0ba0396bf7c116a916ca89c04b"
        },
        {
          "type": "image",
          "assetId": "wpxR70ophLZuS5I",
          "checksum": "c9923b4259a027fc70784df69d2683ff"
        },
        {
          "type": "image",
          "assetId": "wHUKqQtkFJD1RKh",
          "checksum": "fd4b82bda28e5c8d30b9d12f865580bf"
        },
        {
          "type": "image",
          "assetId": "sTMwfJMC-77ur7_",
          "checksum": "ff9595d413725a4b26530197415e3735"
        },
        {
          "type": "image",
          "assetId": "FfKT1vQSSxgLXMg",
          "checksum": "0bac8415b04896f72c7c17f8ad6c9c92"
        },
        {
          "type": "image",
          "assetId": "D87aIWO2gAthG-v",
          "checksum": "dd365a21e41c341826dea23f1c7cbfbf"
        },
        {
          "type": "image",
          "assetId": "j9r1-tZXDnBWy5O",
          "checksum": "9855ef024d9a403a9938d89ea2aae57d"
        },
        {
          "type": "image",
          "assetId": "h32owJX1LbteseP",
          "checksum": "feb745f852e5ac507791c130546b94cf"
        },
        {
          "type": "image",
          "assetId": "YkKY7zXRUZJBJ1n",
          "checksum": "60a36f3969be2587797b455bf8ff66e6"
        },
        {
          "type": "image",
          "assetId": "AlabfXQwjql6fdI",
          "checksum": "52cb23aa2ec14f3529e68abe5e599eca"
        },
        {
          "type": "image",
          "assetId": "9j8eGXHX2g64g2d",
          "checksum": "104364e7eaf29de0864201de88d1e62d"
        },
        {
          "type": "image",
          "assetId": "RqT3ZKcOAeinSYp",
          "checksum": "e1af8fc01b256ba83c940360fc9d619c"
        },
        {
          "type": "image",
          "assetId": "QbJpncskOh_npVe",
          "checksum": "ad7fa7c43afb3eb4e5815d853200dfe6"
        },
        {
          "type": "image",
          "assetId": "ozr-CusSL0P3vR6",
          "checksum": "97c111c5c067733f17c20f5442c73211"
        },
        {
          "type": "image",
          "assetId": "CEs7B0p3SPCRi4_",
          "checksum": "eae8db871dd8287099acbe4bb6384305"
        },
        {
          "type": "image",
          "assetId": "SqdwnQwHW_Nr9Aq",
          "checksum": "6ae3f7d3362cc9f45edb65175e574b51"
        },
        {
          "type": "image",
          "assetId": "PAqWJM5qnAh5AE8",
          "checksum": "c504638eb5ccda994deba52afdd554cf"
        },
        {
          "type": "image",
          "assetId": "YzpPAsjSbOFz6rO",
          "checksum": "3f9f638755831a2ed2d6d3034f28b2e8"
        },
        {
          "type": "image",
          "assetId": "MqOANL4QhBZbPNo",
          "checksum": "d4b484e521b50d62c2e8068fdad118dd"
        },
        {
          "type": "image",
          "assetId": "zkrOv5T7FqaXTMg",
          "checksum": "ccce701032b274ceb95779b394283b59"
        },
        {
          "type": "image",
          "assetId": "gbDtO7uc0vZTxWE",
          "checksum": "91144f972904c8d257f1e595e8c28ca8"
        },
        {
          "type": "image",
          "assetId": "3shok8gSNVCncXQ",
          "checksum": "2475d0e3ef1f46773370bb2d134eccea"
        },
        {
          "type": "image",
          "assetId": "__gl08cvzdc6aiN",
          "checksum": "6a839fb311d294cd3f37acd8ef4baa9b"
        },
        {
          "type": "image",
          "assetId": "8ztQ4EKUOcAnFco",
          "checksum": "70a64fcd48120e3c51b158bf518551c1"
        },
        {
          "type": "image",
          "assetId": "nrWrHHsALOxXfw7",
          "checksum": "5418821b6f6eb0fa16578f0444cb15d9"
        },
        {
          "type": "image",
          "assetId": "ZT_SwAh0gOUqYIw",
          "checksum": "2cb3f611216a794bc50dba8324972030"
        },
        {
          "type": "image",
          "assetId": "OuBqYK0rRKN6CAI",
          "checksum": "7b57ac6e4fff38eb4d2576a79fa400ea"
        },
        {
          "type": "image",
          "assetId": "jRyfYWim01lHNuJ",
          "checksum": "ff4137623100a4411d2e870b398049ad"
        },
        {
          "type": "image",
          "assetId": "uum8qsmEj-s8k8Q",
          "checksum": "47e18e53150affa31bc180b780f9174e"
        },
        {
          "type": "image",
          "assetId": "ghAj5n8njMZTJpP",
          "checksum": "24e4207f913f24804acb90fe837087d4"
        },
        {
          "type": "image",
          "assetId": "xXBsfY1ddGKIKG_",
          "checksum": "f827f402253b189df2384568058935b6"
        },
        {
          "type": "image",
          "assetId": "vVH6JFDUxxGacvN",
          "checksum": "f2c821469d0e88ab4d34a055586c9e0e"
        },
        {
          "type": "image",
          "assetId": "sisI--ocCR_yRPv",
          "checksum": "a9d0a24dba2efd0a19cc326ebe7db15f"
        },
        {
          "type": "image",
          "assetId": "0_5CcRpSlzPCqPG",
          "checksum": "eb5612ada8fc58ea619b20eef31375f2"
        },
        {
          "type": "image",
          "assetId": "HoowO66FbNH_Gc9",
          "checksum": "68480e56a8b41fba8e9a3ddb9881750f"
        },
        {
          "type": "image",
          "assetId": "tTRNpP6bm0YmRU5",
          "checksum": "899120c8f5b1375e0b5ee22735437a2e"
        },
        {
          "type": "image",
          "assetId": "W1rWFA-BLRbfWHf",
          "checksum": "4ffa34c90f9fe6b4f5431a67f9ff5b30"
        },
        {
          "type": "image",
          "assetId": "1SiXNqp6uLM-l5P",
          "checksum": "eb333e0398fdbef6996f4c77ce16cf5b"
        },
        {
          "type": "image",
          "assetId": "BmfNENzRWFO7XnJ",
          "checksum": "7cba44605cd0daea82f1ac633942003f"
        },
        {
          "type": "image",
          "assetId": "DhbNEiQRHiPBQr0",
          "checksum": "696459e1fb5efa6ebb31da6214f429e1"
        },
        {
          "type": "image",
          "assetId": "xazg4Wed6CLygAi",
          "checksum": "b23f4f38da57f820bdcf9dad1d464d46"
        },
        {
          "type": "image",
          "assetId": "YTAl-JalbkNRNkB",
          "checksum": "a3856b2a6597c6c5087405d43d70e3e4"
        },
        {
          "type": "image",
          "assetId": "DVnF-YsuI-Zap9r",
          "checksum": "b66ee0d5819c6481829863ffda24046c"
        },
        {
          "type": "image",
          "assetId": "1BSM78C4zLF0d73",
          "checksum": "684ae7e20f520aafdd71d8a37feedc1d"
        },
        {
          "type": "image",
          "assetId": "nK7YXG-OlNhRUgL",
          "checksum": "bc81f3556a0a476d9b75838074ee6e44"
        },
        {
          "type": "image",
          "assetId": "4iVIoDUgdwISaH9",
          "checksum": "44a23b1b276644009a629f71558c38fe"
        },
        {
          "type": "image",
          "assetId": "Tb9h4rm8GXjgiYB",
          "checksum": "101751dcc56cec5ee054132276a14eae"
        },
        {
          "type": "image",
          "assetId": "UI_ZpewsQASu61Q",
          "checksum": "026c36249284d0bb5386ddc56e6d843b"
        },
        {
          "type": "image",
          "assetId": "jBtai23rA70A4_I",
          "checksum": "9b0c200da3b157b672460b1e07d5ae25"
        },
        {
          "type": "image",
          "assetId": "t6xaN4qiImE4KzP",
          "checksum": "933a2e72eac6da0cac8c65ff6f0ac57b"
        },
        {
          "type": "image",
          "assetId": "60TXHc91Sn2DTW0",
          "checksum": "1318f7c3f505bbd006196060e2deb197"
        },
        {
          "type": "image",
          "assetId": "gozaHmScIpok-5h",
          "checksum": "e6b9e40386c0bfd47f6187b136b1849c"
        },
        {
          "type": "image",
          "assetId": "ynR-L-C3coBSQXk",
          "checksum": "bee260e330ea185969eaae6c63e94314"
        },
        {
          "type": "image",
          "assetId": "JNNqTtvNhZMx_RM",
          "checksum": "31750bd103a01cc478b9204a54e7def6"
        },
        {
          "type": "image",
          "assetId": "7yzN-6PluAplmVf",
          "checksum": "00039188c926e9dff8ef76c2846b8700"
        },
        {
          "type": "image",
          "assetId": "hZ-qw_-jWJihKL-",
          "checksum": "127b389f23eb025a090763ab5d97f90b"
        },
        {
          "type": "image",
          "assetId": "83MeQNJdQKCb8Xg",
          "checksum": "63ef987c5515a4935727207d7ffc51c3"
        },
        {
          "type": "image",
          "assetId": "g7PA6wPpWfncbt4",
          "checksum": "92bd0698fc5c18ed80087d37a00efab4"
        },
        {
          "type": "image",
          "assetId": "TLF7ZEmP4XSmtkD",
          "checksum": "e496bfb57d3991448816a08d7d7121a8"
        },
        {
          "type": "image",
          "assetId": "iWIz-rP1nu4eM8o",
          "checksum": "e5077c7c855881ecedfcf3016ecc85fa"
        },
        {
          "type": "image",
          "assetId": "zlH9NKYByvsomx3",
          "checksum": "7d88c9806e2855268c23cd937100970a"
        },
        {
          "type": "image",
          "assetId": "jikAvcU3PI8v11i",
          "checksum": "f37fce67e91b8526c2683b5c37861788"
        },
        {
          "type": "image",
          "assetId": "DAXONuOuCaNojk6",
          "checksum": "04a952d15e7a29a43b3b6eb78ed1ca27"
        },
        {
          "type": "image",
          "assetId": "GdYxLHAnyTXPp8e",
          "checksum": "a7f56e5cb055d37d7a8516b1f759f322"
        },
        {
          "type": "image",
          "assetId": "8Rve4n-ADouvDaa",
          "checksum": "0a5d33c6230cf9dd5bec2000067eb67a"
        },
        {
          "type": "image",
          "assetId": "DupZys5Dw4uvseo",
          "checksum": "d1626c2b466fb2e97410ce1be4fb4966"
        },
        {
          "type": "image",
          "assetId": "_YpRiwfHqNu4Aw1",
          "checksum": "36f32af280689d0d10f96152ee896307"
        },
        {
          "type": "image",
          "assetId": "KNrKEEci7z1B9li",
          "checksum": "36a61ae95d154df48cfe7b86885fb52a"
        },
        {
          "type": "image",
          "assetId": "tnXec71hBbTSd7a",
          "checksum": "844f06ebddb4ccf1c79e46cc8baa754e"
        },
        {
          "type": "image",
          "assetId": "K4SiLsq0xOQY9bq",
          "checksum": "f7865e61dc13ed7c212122fbbed3d28b"
        },
        {
          "type": "image",
          "assetId": "s1UltxON0JshWwD",
          "checksum": "713f668c197437a0c7b47097a5db0a23"
        },
        {
          "type": "image",
          "assetId": "6vmM_JaN-l2R3pr",
          "checksum": "1aaebe525cb47c3187e7e00af48a9b91"
        },
        {
          "type": "image",
          "assetId": "ht3iuG3nopPUDPu",
          "checksum": "acd72fd5758dce47cbb3a9d6b25ef8ab"
        },
        {
          "type": "image",
          "assetId": "UdGR_EoYF68HuYu",
          "checksum": "195acc4be01edd96d8f01e082f84686f"
        },
        {
          "type": "image",
          "assetId": "84O1oeClRbZPa1t",
          "checksum": "9918ecf37943edcddb348964449b6f15"
        },
        {
          "type": "image",
          "assetId": "NGvgYL8iom53oVv",
          "checksum": "3791c71ed80ba297b13b0f0929ef50b1"
        },
        {
          "type": "image",
          "assetId": "r_juv-iMGiZTNoW",
          "checksum": "75b356b185f4a3073e0737255eaf38d0"
        },
        {
          "type": "image",
          "assetId": "kbGUDntLWbjT5i0",
          "checksum": "c6c91a27963322c78e89a7c71915220d"
        },
        {
          "type": "image",
          "assetId": "geTE4x9WaIxVxBU",
          "checksum": "4dfc2a945985c7a57e4c8a04be80be19"
        },
        {
          "type": "image",
          "assetId": "9HWjYdQvmc_bB15",
          "checksum": "8e72a041aa7dcf6d50641ff7cdb40ee6"
        },
        {
          "type": "image",
          "assetId": "fkCva5zdZje_ZjD",
          "checksum": "0efd46daa64d8e2d34f10b669ef46f1c"
        },
        {
          "type": "image",
          "assetId": "ckwALDlsn5ahkri",
          "checksum": "1924799568307e7937df3c34f9eed316"
        },
        {
          "type": "image",
          "assetId": "i2Qq3RBR48uehcy",
          "checksum": "84c7c4241aa1618342bd6943317442f7"
        },
        {
          "type": "image",
          "assetId": "y7wBFQLALyuPmhT",
          "checksum": "e0f291a4e2ee225b9fe6203f595bf8d8"
        },
        {
          "type": "image",
          "assetId": "DdNzVz-6CvuI22J",
          "checksum": "ecfd0d3b0f3bad03d7d82f397dcb12da"
        },
        {
          "type": "image",
          "assetId": "jw1z1wFr9Yoaefq",
          "checksum": "d39274ff519f9894015df85f120fda4e"
        },
        {
          "type": "image",
          "assetId": "W-4UlZ7N3kvx1vt",
          "checksum": "416e9a730fbb6365e4b28d57f1bbb35e"
        },
        {
          "type": "image",
          "assetId": "m2_aRjT0E76pGk_",
          "checksum": "1626fd2e6c9e43e12f8849984f467511"
        },
        {
          "type": "image",
          "assetId": "_pGaYVVnBkC2nWJ",
          "checksum": "179b318fb5516dbeea1e9459412e4921"
        },
        {
          "type": "image",
          "assetId": "-7Mh6ET_-UAiGsL",
          "checksum": "dfefb70428b001ebba129355d6fe6e00"
        },
        {
          "type": "image",
          "assetId": "PL2McfTzWJCPYLg",
          "checksum": "b46e72e2324c28a7a30dbd502784d0b1"
        },
        {
          "type": "image",
          "assetId": "5DltziIe0Amjq45",
          "checksum": "263515968df4ed8c1fdc91fdcf0f1bd1"
        },
        {
          "type": "image",
          "assetId": "GflXSjX780K8wmF",
          "checksum": "47d73085e87e35e2d62593126704124a"
        },
        {
          "type": "image",
          "assetId": "m4QN--2LpYkGyLg",
          "checksum": "c496cb6d550064971b0e02be7b1bd3de"
        },
        {
          "type": "image",
          "assetId": "4q9CechVe5_mRvk",
          "checksum": "28b1ec078164df3136f4a0481a067642"
        },
        {
          "type": "image",
          "assetId": "gE5bonHlldtKrok",
          "checksum": "4d21a8d189a4805b32ab643e5e9b22d0"
        },
        {
          "type": "image",
          "assetId": "ye8Y6ShJWJ5xll7",
          "checksum": "bbd3ba6d3163e24c23b5f0589566c7d7"
        },
        {
          "type": "image",
          "assetId": "9qbfloaUSMdTvjc",
          "checksum": "74b9cdda9813bc23a398938b48868f86"
        },
        {
          "type": "image",
          "assetId": "TBghg1NfS-J-Dw2",
          "checksum": "65b8aed06300065bf0c93ba3a018ab70"
        },
        {
          "type": "image",
          "assetId": "wG_sCwh6qpYBgek",
          "checksum": "da4122a973c25a8af5c56dc8307421c1"
        },
        {
          "type": "image",
          "assetId": "xX7SVeJaBeEj68R",
          "checksum": "af21a31fc0478d480f3464787e46cccc"
        },
        {
          "type": "image",
          "assetId": "uk1ULq8-tBpO4Ee",
          "checksum": "8fff5f18b00e81b00640531532295114"
        },
        {
          "type": "image",
          "assetId": "LdhayjAjazZtD4r",
          "checksum": "a7aa9997d3a114dd99ec24da67ba6034"
        },
        {
          "type": "image",
          "assetId": "E3eTv1fEyyQu200",
          "checksum": "10d6ab43262b126b328a15051af36397"
        },
        {
          "type": "image",
          "assetId": "PvIG2Wn0_ggeu3Q",
          "checksum": "a075261e5c0b959e302080db582ed3af"
        },
        {
          "type": "image",
          "assetId": "h4NrLepeTYsPbMb",
          "checksum": "7f68b2d824ebff80f374f3197b14d083"
        },
        {
          "type": "image",
          "assetId": "7urrYUign4WTZ5y",
          "checksum": "495365c7c501b717bdf03032c260645e"
        },
        {
          "type": "image",
          "assetId": "uizcXlRwGjrYc--",
          "checksum": "868b699b477150c60ea8f0f5d773defc"
        },
        {
          "type": "image",
          "assetId": "5pGx1BGHHWNuNjQ",
          "checksum": "7bcaf17f14c0a709d517f59eb24571ab"
        },
        {
          "type": "image",
          "assetId": "oRHqOnIjYzS32YO",
          "checksum": "591d2c2b4168f64cef251876ac4b47d7"
        },
        {
          "type": "image",
          "assetId": "icYR19mOQCYcpwz",
          "checksum": "b6b0a6dbe0437287fcc1ba9f0e1f92a8"
        },
        {
          "type": "image",
          "assetId": "_iX6X6zRijv8gTr",
          "checksum": "e79ae062767b52cb3afe636c045bbd16"
        },
        {
          "type": "image",
          "assetId": "cdsSbR3h2B6AHW2",
          "checksum": "c4a713127414cd34c1ac1eaf1f206720"
        },
        {
          "type": "image",
          "assetId": "UNi8utTLH-Uafjp",
          "checksum": "ad0c27428af559f9528de7288a395af9"
        },
        {
          "type": "image",
          "assetId": "zu667_esHuiFZjU",
          "checksum": "070794e6f10cbf33249000b103d84e61"
        },
        {
          "type": "image",
          "assetId": "cHRZuKoWjZ1od9f",
          "checksum": "01b565e7fc613553a1841716a467feb6"
        },
        {
          "type": "image",
          "assetId": "b7rMDzUMwSRoURg",
          "checksum": "08f2593be297b3a3009a9469d5feb1a0"
        },
        {
          "type": "image",
          "assetId": "gGkNSM7t6j0mv5w",
          "checksum": "5cbbac8d4d5017ff53f5f798a060dc7e"
        },
        {
          "type": "image",
          "assetId": "WmUe09TVdV8eViU",
          "checksum": "345fc3589f28724c14d4d270ec356f83"
        },
        {
          "type": "image",
          "assetId": "T9HBOkT4yLIb9tv",
          "checksum": "a3b2a2ae9749a6a533b106fc7a8b8249"
        },
        {
          "type": "image",
          "assetId": "SvBvbwAWEB1IKMD",
          "checksum": "b72f8d70c4e8a696fb09948577772506"
        },
        {
          "type": "image",
          "assetId": "cPr4n2r3bahXxdf",
          "checksum": "1144d6a2732c796fb05766c786b9dfa8"
        },
        {
          "type": "image",
          "assetId": "2wPMzm3mhdp6I0g",
          "checksum": "536238d548ea07864c7ab087ab7908ad"
        },
        {
          "type": "image",
          "assetId": "lF5xuWVOVOGPHL_",
          "checksum": "56a1f75c911f13a3a3be18a2d014aaa3"
        },
        {
          "type": "image",
          "assetId": "stAQ6SjcQ-JZ-DN",
          "checksum": "560e71a06fa1b973ecb90bf5871bfb70"
        },
        {
          "type": "image",
          "assetId": "J-v2OqSPAuWB5wp",
          "checksum": "e87444a911f04a72e750cb8b5f7ef3e8"
        },
        {
          "type": "image",
          "assetId": "O_wln3hbJCnDBcR",
          "checksum": "f22df985ba19876461e727e8bda8279b"
        },
        {
          "type": "image",
          "assetId": "QyXbRZqY7MHz-FT",
          "checksum": "b74880a811ee9b1a9b396068482f93ec"
        },
        {
          "type": "image",
          "assetId": "Sbo4qK28_ss-c9v",
          "checksum": "a67673b51f5af4a2b9db1296eb3ecde8"
        },
        {
          "type": "image",
          "assetId": "XG-gNWghiKArkY1",
          "checksum": "79d0805d1e4ded116276a371d20c51a7"
        },
        {
          "type": "image",
          "assetId": "AVM1bgF5FHwRAZY",
          "checksum": "5d235f451ab242bf3b9ca80c39c9bb3a"
        },
        {
          "type": "image",
          "assetId": "wN3XvArXXTvXmdb",
          "checksum": "da61dc872e7e671b4b42043a8ec295b4"
        },
        {
          "type": "image",
          "assetId": "sZ2ar4UqtadYOZo",
          "checksum": "18a797f02d44f24042f15d90034ac673"
        },
        {
          "type": "image",
          "assetId": "b4VEJDBFRQRl4lf",
          "checksum": "3d303b7ed1bf8aff72e33448f308280a"
        },
        {
          "type": "image",
          "assetId": "_C98VElz5katv_d",
          "checksum": "f201b40ef7bf3c9377efb81ce16408b7"
        },
        {
          "type": "image",
          "assetId": "NvfhixTiG7x1xE4",
          "checksum": "5c459ea4110cd32ad2442120f365851e"
        },
        {
          "type": "image",
          "assetId": "EGcnt3QEHb6TgfH",
          "checksum": "001d1f4e14bc6b12f521651871182f4c"
        },
        {
          "type": "image",
          "assetId": "ZMhEfVo7k5U4vFt",
          "checksum": "a7d3acd38cfce88c7a3775987b209b54"
        },
        {
          "type": "image",
          "assetId": "JCt4I2VP5KQ-xFz",
          "checksum": "50a3481cdfaf45d2d32205bdaaa65d8f"
        },
        {
          "type": "image",
          "assetId": "Lf1Othfr5CvMjwz",
          "checksum": "1b312a646d5f05c1f1e8f50087f859d1"
        },
        {
          "type": "image",
          "assetId": "6cfueoB0UZpj79N",
          "checksum": "8eb7e7eba2864e8670ff8aa6b34c5e3b"
        },
        {
          "type": "image",
          "assetId": "JvwmJ86J3dreBKA",
          "checksum": "edcc2e53f39fb5995ee8f6ededdbf259"
        },
        {
          "type": "image",
          "assetId": "IDAa-pYLmb20JiK",
          "checksum": "f15ee27a95ffabead6ca2ff450fd167d"
        },
        {
          "type": "image",
          "assetId": "7RmAk8HLVaqDUHE",
          "checksum": "f39b17634c8c0782759e6ff3ab680a75"
        },
        {
          "type": "image",
          "assetId": "xKd5LFfoLahE0-8",
          "checksum": "5f6a4eabe276235cbe3b95b4b28c5be6"
        },
        {
          "type": "image",
          "assetId": "7TpwRjRMlgjkvd2",
          "checksum": "a55d41eba0ad99023d6e1939fd77df5a"
        },
        {
          "type": "image",
          "assetId": "wU8FMbN9Y_Bhsnl",
          "checksum": "0c88b7f35df9635aa57bb6da94aa90f8"
        },
        {
          "type": "image",
          "assetId": "TgGthVTGIx8-JkV",
          "checksum": "c66370fb76f161234f1f6715029c42bb"
        },
        {
          "type": "image",
          "assetId": "4eXRzgHV4B5rWHm",
          "checksum": "d2d2c913c7abeb0b015de4160cbc2266"
        },
        {
          "type": "image",
          "assetId": "KUcE9ckXJR0nqbO",
          "checksum": "fcf45edd856999128e83319286e2bbf0"
        },
        {
          "type": "image",
          "assetId": "0KhMGQ0BZnCsTDQ",
          "checksum": "bb5015282f98a746e8327675755a6f23"
        },
        {
          "type": "image",
          "assetId": "CWxdsgY-5w1SlkM",
          "checksum": "53a0c34d43d1db3f20e1ced3ee8fad6f"
        },
        {
          "type": "image",
          "assetId": "oesu2_BjlJ-Spjr",
          "checksum": "76d68d865f68b112b56ebcb8edef044a"
        },
        {
          "type": "image",
          "assetId": "QwVS7zzurL45z65",
          "checksum": "78b97e3d57c8e073bcd72f8708299ad3"
        },
        {
          "type": "image",
          "assetId": "MjU0qdVgKGPxCc6",
          "checksum": "1ca8951232a24257823304d2d407858c"
        },
        {
          "type": "renderModule",
          "assetId": "WUmuLkuIoz",
          "checksum": "f65ebcec51d3391abd4fd11933e9010c"
        },
        {
          "type": "cssRules",
          "assetId": "WUmuLkuIoz",
          "checksum": "f65ebcec51d3391abd4fd11933e9010c"
        },
        {
          "type": "renderModule",
          "assetId": "QmMb8_TWfq",
          "checksum": "bf7690526dc765a48e9e2fa98e565380"
        },
        {
          "type": "cssRules",
          "assetId": "QmMb8_TWfq",
          "checksum": "bf7690526dc765a48e9e2fa98e565380"
        },
        {
          "assetId": "dGhXFrWhKMiTmf4n16zhxF",
          "type": "projectCss",
          "checksum": "35d60407798c051cfe11d1b128dfecee"
        }
      ],
      "codegenVersion": "0.0.1"
    },
    {
      "projectId": "ohDidvG9XsCeFumugENU3J",
      "version": "4.11.1",
      "dependencies": {},
      "lang": "ts",
      "fileLocks": [
        {
          "assetId": "ohDidvG9XsCeFumugENU3J",
          "checksum": "8f45a75070e2f0edc34a4dc3d5f6b736",
          "type": "globalContexts"
        },
        {
          "assetId": "ohDidvG9XsCeFumugENU3J",
          "type": "projectCss",
          "checksum": "fd83b730367fdbde2c69bc6cf31c2a3c"
        }
      ],
      "codegenVersion": "0.0.1"
    }
  ],
  "cliVersion": "0.1.292"
}
